
Microsoft Visual Studio Solution File, Format Version 12.00
# Visual Studio Version 16
VisualStudioVersion = 16.0.29806.167
MinimumVisualStudioVersion = 10.0.40219.1
Project("{9A19103F-16F7-4668-BE54-9A1E7A4F7556}") = "Keltek.API", "Patterns\Repository1.0\Keltek.API\Keltek.API.csproj", "{5A0479B5-1F8F-4A38-BF82-EDEFA83CB1C8}"
EndProject
Project("{9A19103F-16F7-4668-BE54-9A1E7A4F7556}") = "Keltek.Infrastructure", "Patterns\Repository1.0\Keltek.Services\Keltek.Infrastructure.csproj", "{B0098F2E-DAA4-43D0-91AF-5F2146A76165}"
EndProject
Project("{9A19103F-16F7-4668-BE54-9A1E7A4F7556}") = "Keltek.Core", "Patterns\Repository1.0\Keltek.Core\Keltek.Core.csproj", "{9DD5C945-AE2E-4555-A836-EBED533CE544}"
EndProject
Project("{2150E333-8FDC-42A3-9474-1A3956D46DE8}") = "Features", "Features", "{6CD21980-3C7B-48DE-8892-853DE84D6777}"
EndProject
Project("{2150E333-8FDC-42A3-9474-1A3956D46DE8}") = "Autofac", "Autofac", "{265EB345-A978-42F3-92DD-FF126F7CC0A0}"
EndProject
Project("{9A19103F-16F7-4668-BE54-9A1E7A4F7556}") = "SoundRush.API", "Features\Autofac\SoundRush.API\SoundRush.API.csproj", "{08969716-79ED-4B7E-8850-3BBD83842674}"
EndProject
Project("{9A19103F-16F7-4668-BE54-9A1E7A4F7556}") = "SoundRush.Infrastructure", "Features\Autofac\SoundRush.Infrastructure\SoundRush.Infrastructure.csproj", "{E15DF0C9-E8B5-4E22-87F7-B9FF205D97E1}"
EndProject
Project("{2150E333-8FDC-42A3-9474-1A3956D46DE8}") = "Patterns", "Patterns", "{265F3834-2FDF-4401-A05A-672575389E4F}"
EndProject
Project("{2150E333-8FDC-42A3-9474-1A3956D46DE8}") = "Repository", "Repository", "{366F1272-525B-4B7E-B98A-AB31017CC94C}"
EndProject
Global
	GlobalSection(SolutionConfigurationPlatforms) = preSolution
		Debug|Any CPU = Debug|Any CPU
		Release|Any CPU = Release|Any CPU
	EndGlobalSection
	GlobalSection(ProjectConfigurationPlatforms) = postSolution
		{5A0479B5-1F8F-4A38-BF82-EDEFA83CB1C8}.Debug|Any CPU.ActiveCfg = Debug|Any CPU
		{5A0479B5-1F8F-4A38-BF82-EDEFA83CB1C8}.Debug|Any CPU.Build.0 = Debug|Any CPU
		{5A0479B5-1F8F-4A38-BF82-EDEFA83CB1C8}.Release|Any CPU.ActiveCfg = Release|Any CPU
		{5A0479B5-1F8F-4A38-BF82-EDEFA83CB1C8}.Release|Any CPU.Build.0 = Release|Any CPU
		{B0098F2E-DAA4-43D0-91AF-5F2146A76165}.Debug|Any CPU.ActiveCfg = Debug|Any CPU
		{B0098F2E-DAA4-43D0-91AF-5F2146A76165}.Debug|Any CPU.Build.0 = Debug|Any CPU
		{B0098F2E-DAA4-43D0-91AF-5F2146A76165}.Release|Any CPU.ActiveCfg = Release|Any CPU
		{B0098F2E-DAA4-43D0-91AF-5F2146A76165}.Release|Any CPU.Build.0 = Release|Any CPU
		{9DD5C945-AE2E-4555-A836-EBED533CE544}.Debug|Any CPU.ActiveCfg = Debug|Any CPU
		{9DD5C945-AE2E-4555-A836-EBED533CE544}.Debug|Any CPU.Build.0 = Debug|Any CPU
		{9DD5C945-AE2E-4555-A836-EBED533CE544}.Release|Any CPU.ActiveCfg = Release|Any CPU
		{9DD5C945-AE2E-4555-A836-EBED533CE544}.Release|Any CPU.Build.0 = Release|Any CPU
		{08969716-79ED-4B7E-8850-3BBD83842674}.Debug|Any CPU.ActiveCfg = Debug|Any CPU
		{08969716-79ED-4B7E-8850-3BBD83842674}.Debug|Any CPU.Build.0 = Debug|Any CPU
		{08969716-79ED-4B7E-8850-3BBD83842674}.Release|Any CPU.ActiveCfg = Release|Any CPU
		{08969716-79ED-4B7E-8850-3BBD83842674}.Release|Any CPU.Build.0 = Release|Any CPU
		{E15DF0C9-E8B5-4E22-87F7-B9FF205D97E1}.Debug|Any CPU.ActiveCfg = Debug|Any CPU
		{E15DF0C9-E8B5-4E22-87F7-B9FF205D97E1}.Debug|Any CPU.Build.0 = Debug|Any CPU
		{E15DF0C9-E8B5-4E22-87F7-B9FF205D97E1}.Release|Any CPU.ActiveCfg = Release|Any CPU
		{E15DF0C9-E8B5-4E22-87F7-B9FF205D97E1}.Release|Any CPU.Build.0 = Release|Any CPU
	EndGlobalSection
	GlobalSection(SolutionProperties) = preSolution
		HideSolutionNode = FALSE
	EndGlobalSection
	GlobalSection(NestedProjects) = preSolution
		{5A0479B5-1F8F-4A38-BF82-EDEFA83CB1C8} = {366F1272-525B-4B7E-B98A-AB31017CC94C}
		{B0098F2E-DAA4-43D0-91AF-5F2146A76165} = {366F1272-525B-4B7E-B98A-AB31017CC94C}
		{9DD5C945-AE2E-4555-A836-EBED533CE544} = {366F1272-525B-4B7E-B98A-AB31017CC94C}
		{265EB345-A978-42F3-92DD-FF126F7CC0A0} = {6CD21980-3C7B-48DE-8892-853DE84D6777}
		{08969716-79ED-4B7E-8850-3BBD83842674} = {265EB345-A978-42F3-92DD-FF126F7CC0A0}
		{E15DF0C9-E8B5-4E22-87F7-B9FF205D97E1} = {265EB345-A978-42F3-92DD-FF126F7CC0A0}
		{366F1272-525B-4B7E-B98A-AB31017CC94C} = {265F3834-2FDF-4401-A05A-672575389E4F}
	EndGlobalSection
	GlobalSection(ExtensibilityGlobals) = postSolution
		SolutionGuid = {08A7006C-C9B8-47FE-94D6-3F0831870152}
	EndGlobalSection
EndGlobal
